// !$*UTF8*$!
{
	archiveVersion = 1;
	classes = {
	};
	objectVersion = 77;
	objects = {

/* Begin PBXBuildFile section */
		362A11762DDF775300D6FED1 /* FirebaseAI in Frameworks */ = {isa = PBXBuildFile; productRef = 362A11752DDF775300D6FED1 /* FirebaseAI */; };
		362A11782DDF775300D6FED1 /* FirebaseAnalytics in Frameworks */ = {isa = PBXBuildFile; productRef = 362A11772DDF775300D6FED1 /* FirebaseAnalytics */; };
		362A117A2DDF775300D6FED1 /* FirebaseAnalyticsOnDeviceConversion in Frameworks */ = {isa = PBXBuildFile; productRef = 362A11792DDF775300D6FED1 /* FirebaseAnalyticsOnDeviceConversion */; };
		362A117C2DDF775300D6FED1 /* FirebaseAnalyticsWithoutAdIdSupport in Frameworks */ = {isa = PBXBuildFile; productRef = 362A117B2DDF775300D6FED1 /* FirebaseAnalyticsWithoutAdIdSupport */; };
		362A117E2DDF775300D6FED1 /* FirebaseAppCheck in Frameworks */ = {isa = PBXBuildFile; productRef = 362A117D2DDF775300D6FED1 /* FirebaseAppCheck */; };
		362A11802DDF775300D6FED1 /* FirebaseAppDistribution-Beta in Frameworks */ = {isa = PBXBuildFile; productRef = 362A117F2DDF775300D6FED1 /* FirebaseAppDistribution-Beta */; };
		362A11822DDF775300D6FED1 /* FirebaseAuth in Frameworks */ = {isa = PBXBuildFile; productRef = 362A11812DDF775300D6FED1 /* FirebaseAuth */; };
		362A11842DDF775300D6FED1 /* FirebaseAuthCombine-Community in Frameworks */ = {isa = PBXBuildFile; productRef = 362A11832DDF775300D6FED1 /* FirebaseAuthCombine-Community */; };
		362A11862DDF775300D6FED1 /* FirebaseCore in Frameworks */ = {isa = PBXBuildFile; productRef = 362A11852DDF775300D6FED1 /* FirebaseCore */; };
		362A11882DDF775300D6FED1 /* FirebaseCrashlytics in Frameworks */ = {isa = PBXBuildFile; productRef = 362A11872DDF775300D6FED1 /* FirebaseCrashlytics */; };
		362A118A2DDF775300D6FED1 /* FirebaseDatabase in Frameworks */ = {isa = PBXBuildFile; productRef = 362A11892DDF775300D6FED1 /* FirebaseDatabase */; };
		362A118C2DDF775300D6FED1 /* FirebaseDynamicLinks in Frameworks */ = {isa = PBXBuildFile; productRef = 362A118B2DDF775300D6FED1 /* FirebaseDynamicLinks */; };
		362A118E2DDF775300D6FED1 /* FirebaseFirestore in Frameworks */ = {isa = PBXBuildFile; productRef = 362A118D2DDF775300D6FED1 /* FirebaseFirestore */; };
		362A11902DDF775300D6FED1 /* FirebaseFirestoreCombine-Community in Frameworks */ = {isa = PBXBuildFile; productRef = 362A118F2DDF775300D6FED1 /* FirebaseFirestoreCombine-Community */; };
		362A11922DDF775300D6FED1 /* FirebaseFunctions in Frameworks */ = {isa = PBXBuildFile; productRef = 362A11912DDF775300D6FED1 /* FirebaseFunctions */; };
		362A11942DDF775300D6FED1 /* FirebaseFunctionsCombine-Community in Frameworks */ = {isa = PBXBuildFile; productRef = 362A11932DDF775300D6FED1 /* FirebaseFunctionsCombine-Community */; };
		362A11962DDF775300D6FED1 /* FirebaseInAppMessaging-Beta in Frameworks */ = {isa = PBXBuildFile; productRef = 362A11952DDF775300D6FED1 /* FirebaseInAppMessaging-Beta */; };
		362A11982DDF775300D6FED1 /* FirebaseInstallations in Frameworks */ = {isa = PBXBuildFile; productRef = 362A11972DDF775300D6FED1 /* FirebaseInstallations */; };
		362A119A2DDF775300D6FED1 /* FirebaseMLModelDownloader in Frameworks */ = {isa = PBXBuildFile; productRef = 362A11992DDF775300D6FED1 /* FirebaseMLModelDownloader */; };
		362A119C2DDF775300D6FED1 /* FirebaseMessaging in Frameworks */ = {isa = PBXBuildFile; productRef = 362A119B2DDF775300D6FED1 /* FirebaseMessaging */; };
		362A119E2DDF775300D6FED1 /* FirebasePerformance in Frameworks */ = {isa = PBXBuildFile; productRef = 362A119D2DDF775300D6FED1 /* FirebasePerformance */; };
		362A11A02DDF775300D6FED1 /* FirebaseRemoteConfig in Frameworks */ = {isa = PBXBuildFile; productRef = 362A119F2DDF775300D6FED1 /* FirebaseRemoteConfig */; };
		362A11A22DDF775300D6FED1 /* FirebaseStorage in Frameworks */ = {isa = PBXBuildFile; productRef = 362A11A12DDF775300D6FED1 /* FirebaseStorage */; };
		362A11A42DDF775300D6FED1 /* FirebaseStorageCombine-Community in Frameworks */ = {isa = PBXBuildFile; productRef = 362A11A32DDF775300D6FED1 /* FirebaseStorageCombine-Community */; };
		362A11A62DDF775300D6FED1 /* FirebaseVertexAI in Frameworks */ = {isa = PBXBuildFile; productRef = 362A11A52DDF775300D6FED1 /* FirebaseVertexAI */; };
		362A11A92DDF783400D6FED1 /* GoogleSignIn in Frameworks */ = {isa = PBXBuildFile; productRef = 362A11A82DDF783400D6FED1 /* GoogleSignIn */; };
		362A11AB2DDF783400D6FED1 /* GoogleSignInSwift in Frameworks */ = {isa = PBXBuildFile; productRef = 362A11AA2DDF783400D6FED1 /* GoogleSignInSwift */; };
		36A84BDF2DDF6B7400AC4B62 /* FirebaseAnalytics in Frameworks */ = {isa = PBXBuildFile; productRef = 36A84BDE2DDF6B7400AC4B62 /* FirebaseAnalytics */; };
		36A84BE12DDF6B7400AC4B62 /* FirebaseAnalyticsOnDeviceConversion in Frameworks */ = {isa = PBXBuildFile; productRef = 36A84BE02DDF6B7400AC4B62 /* FirebaseAnalyticsOnDeviceConversion */; };
		36A84BE32DDF6B7400AC4B62 /* FirebaseAnalyticsWithoutAdIdSupport in Frameworks */ = {isa = PBXBuildFile; productRef = 36A84BE22DDF6B7400AC4B62 /* FirebaseAnalyticsWithoutAdIdSupport */; };
		36A84BE52DDF6B7400AC4B62 /* FirebaseAppCheck in Frameworks */ = {isa = PBXBuildFile; productRef = 36A84BE42DDF6B7400AC4B62 /* FirebaseAppCheck */; };
		36A84BE72DDF6B7400AC4B62 /* FirebaseAppDistribution-Beta in Frameworks */ = {isa = PBXBuildFile; productRef = 36A84BE62DDF6B7400AC4B62 /* FirebaseAppDistribution-Beta */; };
		36A84BE92DDF6B7400AC4B62 /* FirebaseAuth in Frameworks */ = {isa = PBXBuildFile; productRef = 36A84BE82DDF6B7400AC4B62 /* FirebaseAuth */; };
		36A84BEB2DDF6B7400AC4B62 /* FirebaseAuthCombine-Community in Frameworks */ = {isa = PBXBuildFile; productRef = 36A84BEA2DDF6B7400AC4B62 /* FirebaseAuthCombine-Community */; };
		36A84BED2DDF6B7400AC4B62 /* FirebaseCore in Frameworks */ = {isa = PBXBuildFile; productRef = 36A84BEC2DDF6B7400AC4B62 /* FirebaseCore */; };
		36A84BEF2DDF6B7400AC4B62 /* FirebaseCrashlytics in Frameworks */ = {isa = PBXBuildFile; productRef = 36A84BEE2DDF6B7400AC4B62 /* FirebaseCrashlytics */; };
		36A84BF12DDF6B7400AC4B62 /* FirebaseDatabase in Frameworks */ = {isa = PBXBuildFile; productRef = 36A84BF02DDF6B7400AC4B62 /* FirebaseDatabase */; };
		36A84BF32DDF6B7400AC4B62 /* FirebaseDynamicLinks in Frameworks */ = {isa = PBXBuildFile; productRef = 36A84BF22DDF6B7400AC4B62 /* FirebaseDynamicLinks */; };
		36A84BF52DDF6B7400AC4B62 /* FirebaseFirestore in Frameworks */ = {isa = PBXBuildFile; productRef = 36A84BF42DDF6B7400AC4B62 /* FirebaseFirestore */; };
		36A84BF72DDF6B7400AC4B62 /* FirebaseFirestoreCombine-Community in Frameworks */ = {isa = PBXBuildFile; productRef = 36A84BF62DDF6B7400AC4B62 /* FirebaseFirestoreCombine-Community */; };
		36A84BF92DDF6B7400AC4B62 /* FirebaseFunctions in Frameworks */ = {isa = PBXBuildFile; productRef = 36A84BF82DDF6B7400AC4B62 /* FirebaseFunctions */; };
		36A84BFB2DDF6B7400AC4B62 /* FirebaseFunctionsCombine-Community in Frameworks */ = {isa = PBXBuildFile; productRef = 36A84BFA2DDF6B7400AC4B62 /* FirebaseFunctionsCombine-Community */; };
		36A84BFD2DDF6B7400AC4B62 /* FirebaseInAppMessaging-Beta in Frameworks */ = {isa = PBXBuildFile; productRef = 36A84BFC2DDF6B7400AC4B62 /* FirebaseInAppMessaging-Beta */; };
		36A84BFF2DDF6B7400AC4B62 /* FirebaseInstallations in Frameworks */ = {isa = PBXBuildFile; productRef = 36A84BFE2DDF6B7400AC4B62 /* FirebaseInstallations */; };
		36A84C012DDF6B7400AC4B62 /* FirebaseMLModelDownloader in Frameworks */ = {isa = PBXBuildFile; productRef = 36A84C002DDF6B7400AC4B62 /* FirebaseMLModelDownloader */; };
		36A84C032DDF6B7500AC4B62 /* FirebaseMessaging in Frameworks */ = {isa = PBXBuildFile; productRef = 36A84C022DDF6B7500AC4B62 /* FirebaseMessaging */; };
		36A84C052DDF6B7500AC4B62 /* FirebasePerformance in Frameworks */ = {isa = PBXBuildFile; productRef = 36A84C042DDF6B7500AC4B62 /* FirebasePerformance */; };
		36A84C072DDF6B7500AC4B62 /* FirebaseRemoteConfig in Frameworks */ = {isa = PBXBuildFile; productRef = 36A84C062DDF6B7500AC4B62 /* FirebaseRemoteConfig */; };
		36A84C092DDF6B7500AC4B62 /* FirebaseStorage in Frameworks */ = {isa = PBXBuildFile; productRef = 36A84C082DDF6B7500AC4B62 /* FirebaseStorage */; };
		36A84C0B2DDF6B7500AC4B62 /* FirebaseStorageCombine-Community in Frameworks */ = {isa = PBXBuildFile; productRef = 36A84C0A2DDF6B7500AC4B62 /* FirebaseStorageCombine-Community */; };
		36A84C0D2DDF6B7500AC4B62 /* FirebaseVertexAI in Frameworks */ = {isa = PBXBuildFile; productRef = 36A84C0C2DDF6B7500AC4B62 /* FirebaseVertexAI */; };
		36DD0FD52DDF7F1500788651 /* FirebaseAI in Frameworks */ = {isa = PBXBuildFile; productRef = 36DD0FD42DDF7F1500788651 /* FirebaseAI */; };
		36DD0FD72DDF7F1600788651 /* FirebaseAnalytics in Frameworks */ = {isa = PBXBuildFile; productRef = 36DD0FD62DDF7F1600788651 /* FirebaseAnalytics */; };
		36DD0FD92DDF7F1600788651 /* FirebaseAnalyticsOnDeviceConversion in Frameworks */ = {isa = PBXBuildFile; productRef = 36DD0FD82DDF7F1600788651 /* FirebaseAnalyticsOnDeviceConversion */; };
		36DD0FDB2DDF7F1600788651 /* FirebaseAnalyticsWithoutAdIdSupport in Frameworks */ = {isa = PBXBuildFile; productRef = 36DD0FDA2DDF7F1600788651 /* FirebaseAnalyticsWithoutAdIdSupport */; };
		36DD0FDD2DDF7F1600788651 /* FirebaseAppCheck in Frameworks */ = {isa = PBXBuildFile; productRef = 36DD0FDC2DDF7F1600788651 /* FirebaseAppCheck */; };
		36DD0FDF2DDF7F1600788651 /* FirebaseAppDistribution-Beta in Frameworks */ = {isa = PBXBuildFile; productRef = 36DD0FDE2DDF7F1600788651 /* FirebaseAppDistribution-Beta */; };
		36DD0FE12DDF7F1600788651 /* FirebaseAuth in Frameworks */ = {isa = PBXBuildFile; productRef = 36DD0FE02DDF7F1600788651 /* FirebaseAuth */; };
		36DD0FE32DDF7F1600788651 /* FirebaseAuthCombine-Community in Frameworks */ = {isa = PBXBuildFile; productRef = 36DD0FE22DDF7F1600788651 /* FirebaseAuthCombine-Community */; };
		36DD0FE52DDF7F1600788651 /* FirebaseCore in Frameworks */ = {isa = PBXBuildFile; productRef = 36DD0FE42DDF7F1600788651 /* FirebaseCore */; };
		36DD0FE72DDF7F1600788651 /* FirebaseCrashlytics in Frameworks */ = {isa = PBXBuildFile; productRef = 36DD0FE62DDF7F1600788651 /* FirebaseCrashlytics */; };
		36DD0FE92DDF7F1600788651 /* FirebaseDatabase in Frameworks */ = {isa = PBXBuildFile; productRef = 36DD0FE82DDF7F1600788651 /* FirebaseDatabase */; };
		36DD0FEB2DDF7F1600788651 /* FirebaseDynamicLinks in Frameworks */ = {isa = PBXBuildFile; productRef = 36DD0FEA2DDF7F1600788651 /* FirebaseDynamicLinks */; };
		36DD0FED2DDF7F1600788651 /* FirebaseFirestore in Frameworks */ = {isa = PBXBuildFile; productRef = 36DD0FEC2DDF7F1600788651 /* FirebaseFirestore */; };
		36DD0FEF2DDF7F1600788651 /* FirebaseFirestoreCombine-Community in Frameworks */ = {isa = PBXBuildFile; productRef = 36DD0FEE2DDF7F1600788651 /* FirebaseFirestoreCombine-Community */; };
		36DD0FF12DDF7F1600788651 /* FirebaseFunctions in Frameworks */ = {isa = PBXBuildFile; productRef = 36DD0FF02DDF7F1600788651 /* FirebaseFunctions */; };
		36DD0FF32DDF7F1600788651 /* FirebaseFunctionsCombine-Community in Frameworks */ = {isa = PBXBuildFile; productRef = 36DD0FF22DDF7F1600788651 /* FirebaseFunctionsCombine-Community */; };
		36DD0FF52DDF7F1600788651 /* FirebaseInAppMessaging-Beta in Frameworks */ = {isa = PBXBuildFile; productRef = 36DD0FF42DDF7F1600788651 /* FirebaseInAppMessaging-Beta */; };
		36DD0FF72DDF7F1600788651 /* FirebaseInstallations in Frameworks */ = {isa = PBXBuildFile; productRef = 36DD0FF62DDF7F1600788651 /* FirebaseInstallations */; };
		36DD0FF92DDF7F1600788651 /* FirebaseMLModelDownloader in Frameworks */ = {isa = PBXBuildFile; productRef = 36DD0FF82DDF7F1600788651 /* FirebaseMLModelDownloader */; };
		36DD0FFB2DDF7F1600788651 /* FirebaseMessaging in Frameworks */ = {isa = PBXBuildFile; productRef = 36DD0FFA2DDF7F1600788651 /* FirebaseMessaging */; };
		36DD0FFD2DDF7F1600788651 /* FirebasePerformance in Frameworks */ = {isa = PBXBuildFile; productRef = 36DD0FFC2DDF7F1600788651 /* FirebasePerformance */; };
		36DD0FFF2DDF7F1600788651 /* FirebaseRemoteConfig in Frameworks */ = {isa = PBXBuildFile; productRef = 36DD0FFE2DDF7F1600788651 /* FirebaseRemoteConfig */; };
		36DD10012DDF7F1600788651 /* FirebaseStorage in Frameworks */ = {isa = PBXBuildFile; productRef = 36DD10002DDF7F1600788651 /* FirebaseStorage */; };
		36DD10032DDF7F1600788651 /* FirebaseStorageCombine-Community in Frameworks */ = {isa = PBXBuildFile; productRef = 36DD10022DDF7F1600788651 /* FirebaseStorageCombine-Community */; };
		36DD10052DDF7F1600788651 /* FirebaseVertexAI in Frameworks */ = {isa = PBXBuildFile; productRef = 36DD10042DDF7F1600788651 /* FirebaseVertexAI */; };
/* End PBXBuildFile section */

/* Begin PBXContainerItemProxy section */
		36686FDD2DBC1A0D003F4D65 /* PBXContainerItemProxy */ = {
			isa = PBXContainerItemProxy;
			containerPortal = 36686FC42DBC1A0C003F4D65 /* Project object */;
			proxyType = 1;
			remoteGlobalIDString = 36686FCB2DBC1A0C003F4D65;
			remoteInfo = FitConnect;
		};
		36686FE72DBC1A0E003F4D65 /* PBXContainerItemProxy */ = {
			isa = PBXContainerItemProxy;
			containerPortal = 36686FC42DBC1A0C003F4D65 /* Project object */;
			proxyType = 1;
			remoteGlobalIDString = 36686FCB2DBC1A0C003F4D65;
			remoteInfo = FitConnect;
		};
/* End PBXContainerItemProxy section */

/* Begin PBXCopyFilesBuildPhase section */
		36D45D802DC6995C00E797B2 /* Embed Frameworks */ = {
			isa = PBXCopyFilesBuildPhase;
			buildActionMask = 2147483647;
			dstPath = "";
			dstSubfolderSpec = 10;
			files = (
			);
			name = "Embed Frameworks";
			runOnlyForDeploymentPostprocessing = 0;
		};
/* End PBXCopyFilesBuildPhase section */

/* Begin PBXFileReference section */
		36686FCC2DBC1A0C003F4D65 /* FitConnect.app */ = {isa = PBXFileReference; explicitFileType = wrapper.application; includeInIndex = 0; path = FitConnect.app; sourceTree = BUILT_PRODUCTS_DIR; };
		36686FDC2DBC1A0D003F4D65 /* FitConnectTests.xctest */ = {isa = PBXFileReference; explicitFileType = wrapper.cfbundle; includeInIndex = 0; path = FitConnectTests.xctest; sourceTree = BUILT_PRODUCTS_DIR; };
		36686FE62DBC1A0E003F4D65 /* FitConnectUITests.xctest */ = {isa = PBXFileReference; explicitFileType = wrapper.cfbundle; includeInIndex = 0; path = FitConnectUITests.xctest; sourceTree = BUILT_PRODUCTS_DIR; };
/* End PBXFileReference section */

/* Begin PBXFileSystemSynchronizedBuildFileExceptionSet section */
		366870282DBC291A003F4D65 /* Exceptions for "Resources" folder in "FitConnectTests" target */ = {
			isa = PBXFileSystemSynchronizedBuildFileExceptionSet;
			membershipExceptions = (
				"GoogleService-Info.plist",
			);
			target = 36686FDB2DBC1A0D003F4D65 /* FitConnectTests */;
		};
		366870292DBC291A003F4D65 /* Exceptions for "Resources" folder in "FitConnectUITests" target */ = {
			isa = PBXFileSystemSynchronizedBuildFileExceptionSet;
			membershipExceptions = (
				"GoogleService-Info.plist",
			);
			target = 36686FE52DBC1A0E003F4D65 /* FitConnectUITests */;
		};
		36FF4C772DC6A9E000A28478 /* Exceptions for "Resources" folder in "FitConnect" target */ = {
			isa = PBXFileSystemSynchronizedBuildFileExceptionSet;
			membershipExceptions = (
				Info.plist,
			);
			target = 36686FCB2DBC1A0C003F4D65 /* FitConnect */;
		};
/* End PBXFileSystemSynchronizedBuildFileExceptionSet section */

/* Begin PBXFileSystemSynchronizedRootGroup section */
		364B70B32DC66F4F003F2B6B /* Views */ = {
			isa = PBXFileSystemSynchronizedRootGroup;
			path = Views;
			sourceTree = "<group>";
		};
		36686FCE2DBC1A0C003F4D65 /* FitConnect */ = {
			isa = PBXFileSystemSynchronizedRootGroup;
			path = FitConnect;
			sourceTree = "<group>";
		};
		36686FDF2DBC1A0D003F4D65 /* FitConnectTests */ = {
			isa = PBXFileSystemSynchronizedRootGroup;
			path = FitConnectTests;
			sourceTree = "<group>";
		};
		36686FE92DBC1A0E003F4D65 /* FitConnectUITests */ = {
			isa = PBXFileSystemSynchronizedRootGroup;
			path = FitConnectUITests;
			sourceTree = "<group>";
		};
		36686FF92DBC1A4C003F4D65 /* Models */ = {
			isa = PBXFileSystemSynchronizedRootGroup;
			path = Models;
			sourceTree = "<group>";
		};
		36686FFD2DBC1A68003F4D65 /* Controllers */ = {
			isa = PBXFileSystemSynchronizedRootGroup;
			path = Controllers;
			sourceTree = "<group>";
		};
		36686FFE2DBC1A71003F4D65 /* Services */ = {
			isa = PBXFileSystemSynchronizedRootGroup;
			path = Services;
			sourceTree = "<group>";
		};
		36686FFF2DBC1A77003F4D65 /* Helpers */ = {
			isa = PBXFileSystemSynchronizedRootGroup;
			path = Helpers;
			sourceTree = "<group>";
		};
		366870002DBC1A7D003F4D65 /* Resources */ = {
			isa = PBXFileSystemSynchronizedRootGroup;
			exceptions = (
				36FF4C772DC6A9E000A28478 /* Exceptions for "Resources" folder in "FitConnect" target */,
				366870282DBC291A003F4D65 /* Exceptions for "Resources" folder in "FitConnectTests" target */,
				366870292DBC291A003F4D65 /* Exceptions for "Resources" folder in "FitConnectUITests" target */,
			);
			path = Resources;
			sourceTree = "<group>";
		};
/* End PBXFileSystemSynchronizedRootGroup section */

/* Begin PBXFrameworksBuildPhase section */
		36686FC92DBC1A0C003F4D65 /* Frameworks */ = {
			isa = PBXFrameworksBuildPhase;
			buildActionMask = 2147483647;
			files = (
				362A11762DDF775300D6FED1 /* FirebaseAI in Frameworks */,
				36A84BF72DDF6B7400AC4B62 /* FirebaseFirestoreCombine-Community in Frameworks */,
				362A119E2DDF775300D6FED1 /* FirebasePerformance in Frameworks */,
				36DD0FE32DDF7F1600788651 /* FirebaseAuthCombine-Community in Frameworks */,
				36A84C0D2DDF6B7500AC4B62 /* FirebaseVertexAI in Frameworks */,
				36DD0FEB2DDF7F1600788651 /* FirebaseDynamicLinks in Frameworks */,
				36A84BF92DDF6B7400AC4B62 /* FirebaseFunctions in Frameworks */,
				36DD0FE92DDF7F1600788651 /* FirebaseDatabase in Frameworks */,
				362A117A2DDF775300D6FED1 /* FirebaseAnalyticsOnDeviceConversion in Frameworks */,
				36DD0FF12DDF7F1600788651 /* FirebaseFunctions in Frameworks */,
				362A11962DDF775300D6FED1 /* FirebaseInAppMessaging-Beta in Frameworks */,
				362A118A2DDF775300D6FED1 /* FirebaseDatabase in Frameworks */,
				362A11782DDF775300D6FED1 /* FirebaseAnalytics in Frameworks */,
				362A11AB2DDF783400D6FED1 /* GoogleSignInSwift in Frameworks */,
				36DD0FEF2DDF7F1600788651 /* FirebaseFirestoreCombine-Community in Frameworks */,
				362A117E2DDF775300D6FED1 /* FirebaseAppCheck in Frameworks */,
				362A11A42DDF775300D6FED1 /* FirebaseStorageCombine-Community in Frameworks */,
				36A84C052DDF6B7500AC4B62 /* FirebasePerformance in Frameworks */,
				36DD0FD52DDF7F1500788651 /* FirebaseAI in Frameworks */,
				362A11922DDF775300D6FED1 /* FirebaseFunctions in Frameworks */,
				36A84C0B2DDF6B7500AC4B62 /* FirebaseStorageCombine-Community in Frameworks */,
				36DD0FFB2DDF7F1600788651 /* FirebaseMessaging in Frameworks */,
				36DD10032DDF7F1600788651 /* FirebaseStorageCombine-Community in Frameworks */,
				36DD0FF32DDF7F1600788651 /* FirebaseFunctionsCombine-Community in Frameworks */,
				362A118E2DDF775300D6FED1 /* FirebaseFirestore in Frameworks */,
				362A11A92DDF783400D6FED1 /* GoogleSignIn in Frameworks */,
				362A11822DDF775300D6FED1 /* FirebaseAuth in Frameworks */,
				36A84C072DDF6B7500AC4B62 /* FirebaseRemoteConfig in Frameworks */,
				362A11982DDF775300D6FED1 /* FirebaseInstallations in Frameworks */,
				36DD0FF92DDF7F1600788651 /* FirebaseMLModelDownloader in Frameworks */,
				36A84BF12DDF6B7400AC4B62 /* FirebaseDatabase in Frameworks */,
				36A84BF32DDF6B7400AC4B62 /* FirebaseDynamicLinks in Frameworks */,
				362A11882DDF775300D6FED1 /* FirebaseCrashlytics in Frameworks */,
				362A11862DDF775300D6FED1 /* FirebaseCore in Frameworks */,
				362A119C2DDF775300D6FED1 /* FirebaseMessaging in Frameworks */,
				36DD0FDB2DDF7F1600788651 /* FirebaseAnalyticsWithoutAdIdSupport in Frameworks */,
				362A117C2DDF775300D6FED1 /* FirebaseAnalyticsWithoutAdIdSupport in Frameworks */,
				36A84BE52DDF6B7400AC4B62 /* FirebaseAppCheck in Frameworks */,
				362A11902DDF775300D6FED1 /* FirebaseFirestoreCombine-Community in Frameworks */,
				36DD0FFD2DDF7F1600788651 /* FirebasePerformance in Frameworks */,
				362A11A22DDF775300D6FED1 /* FirebaseStorage in Frameworks */,
				36A84BE92DDF6B7400AC4B62 /* FirebaseAuth in Frameworks */,
				36DD0FDD2DDF7F1600788651 /* FirebaseAppCheck in Frameworks */,
				36DD0FF52DDF7F1600788651 /* FirebaseInAppMessaging-Beta in Frameworks */,
				36DD0FD92DDF7F1600788651 /* FirebaseAnalyticsOnDeviceConversion in Frameworks */,
				36DD0FED2DDF7F1600788651 /* FirebaseFirestore in Frameworks */,
				36A84BDF2DDF6B7400AC4B62 /* FirebaseAnalytics in Frameworks */,
				362A11942DDF775300D6FED1 /* FirebaseFunctionsCombine-Community in Frameworks */,
				36DD10012DDF7F1600788651 /* FirebaseStorage in Frameworks */,
				36DD10052DDF7F1600788651 /* FirebaseVertexAI in Frameworks */,
				36A84BF52DDF6B7400AC4B62 /* FirebaseFirestore in Frameworks */,
				362A11802DDF775300D6FED1 /* FirebaseAppDistribution-Beta in Frameworks */,
				36A84C032DDF6B7500AC4B62 /* FirebaseMessaging in Frameworks */,
				362A118C2DDF775300D6FED1 /* FirebaseDynamicLinks in Frameworks */,
				36A84BFF2DDF6B7400AC4B62 /* FirebaseInstallations in Frameworks */,
				36A84BFB2DDF6B7400AC4B62 /* FirebaseFunctionsCombine-Community in Frameworks */,
				36A84BE72DDF6B7400AC4B62 /* FirebaseAppDistribution-Beta in Frameworks */,
				36DD0FF72DDF7F1600788651 /* FirebaseInstallations in Frameworks */,
				36A84BE32DDF6B7400AC4B62 /* FirebaseAnalyticsWithoutAdIdSupport in Frameworks */,
				36DD0FE72DDF7F1600788651 /* FirebaseCrashlytics in Frameworks */,
				36A84BFD2DDF6B7400AC4B62 /* FirebaseInAppMessaging-Beta in Frameworks */,
				36DD0FE52DDF7F1600788651 /* FirebaseCore in Frameworks */,
				36A84BEB2DDF6B7400AC4B62 /* FirebaseAuthCombine-Community in Frameworks */,
				36A84BEF2DDF6B7400AC4B62 /* FirebaseCrashlytics in Frameworks */,
				36DD0FFF2DDF7F1600788651 /* FirebaseRemoteConfig in Frameworks */,
				36A84C012DDF6B7400AC4B62 /* FirebaseMLModelDownloader in Frameworks */,
				36A84C092DDF6B7500AC4B62 /* FirebaseStorage in Frameworks */,
				362A11A02DDF775300D6FED1 /* FirebaseRemoteConfig in Frameworks */,
				36DD0FDF2DDF7F1600788651 /* FirebaseAppDistribution-Beta in Frameworks */,
				36DD0FE12DDF7F1600788651 /* FirebaseAuth in Frameworks */,
				36A84BED2DDF6B7400AC4B62 /* FirebaseCore in Frameworks */,
				362A119A2DDF775300D6FED1 /* FirebaseMLModelDownloader in Frameworks */,
				362A11A62DDF775300D6FED1 /* FirebaseVertexAI in Frameworks */,
				36A84BE12DDF6B7400AC4B62 /* FirebaseAnalyticsOnDeviceConversion in Frameworks */,
				362A11842DDF775300D6FED1 /* FirebaseAuthCombine-Community in Frameworks */,
				36DD0FD72DDF7F1600788651 /* FirebaseAnalytics in Frameworks */,
			);
			runOnlyForDeploymentPostprocessing = 0;
		};
		36686FD92DBC1A0D003F4D65 /* Frameworks */ = {
			isa = PBXFrameworksBuildPhase;
			buildActionMask = 2147483647;
			files = (
			);
			runOnlyForDeploymentPostprocessing = 0;
		};
		36686FE32DBC1A0E003F4D65 /* Frameworks */ = {
			isa = PBXFrameworksBuildPhase;
			buildActionMask = 2147483647;
			files = (
			);
			runOnlyForDeploymentPostprocessing = 0;
		};
/* End PBXFrameworksBuildPhase section */

/* Begin PBXGroup section */
		36686FC32DBC1A0C003F4D65 = {
			isa = PBXGroup;
			children = (
				364B70B32DC66F4F003F2B6B /* Views */,
				366870002DBC1A7D003F4D65 /* Resources */,
				36686FFF2DBC1A77003F4D65 /* Helpers */,
				36686FFE2DBC1A71003F4D65 /* Services */,
				36686FFD2DBC1A68003F4D65 /* Controllers */,
				36686FF92DBC1A4C003F4D65 /* Models */,
				36686FCE2DBC1A0C003F4D65 /* FitConnect */,
				36686FDF2DBC1A0D003F4D65 /* FitConnectTests */,
				36686FE92DBC1A0E003F4D65 /* FitConnectUITests */,
				36686FCD2DBC1A0C003F4D65 /* Products */,
			);
			sourceTree = "<group>";
		};
		36686FCD2DBC1A0C003F4D65 /* Products */ = {
			isa = PBXGroup;
			children = (
				36686FCC2DBC1A0C003F4D65 /* FitConnect.app */,
				36686FDC2DBC1A0D003F4D65 /* FitConnectTests.xctest */,
				36686FE62DBC1A0E003F4D65 /* FitConnectUITests.xctest */,
			);
			name = Products;
			sourceTree = "<group>";
		};
/* End PBXGroup section */

/* Begin PBXNativeTarget section */
		36686FCB2DBC1A0C003F4D65 /* FitConnect */ = {
			isa = PBXNativeTarget;
			buildConfigurationList = 36686FF02DBC1A0E003F4D65 /* Build configuration list for PBXNativeTarget "FitConnect" */;
			buildPhases = (
				36686FC82DBC1A0C003F4D65 /* Sources */,
				36686FC92DBC1A0C003F4D65 /* Frameworks */,
				36686FCA2DBC1A0C003F4D65 /* Resources */,
				36D45D802DC6995C00E797B2 /* Embed Frameworks */,
			);
			buildRules = (
			);
			dependencies = (
			);
			fileSystemSynchronizedGroups = (
				364B70B32DC66F4F003F2B6B /* Views */,
				36686FCE2DBC1A0C003F4D65 /* FitConnect */,
				36686FF92DBC1A4C003F4D65 /* Models */,
				36686FFD2DBC1A68003F4D65 /* Controllers */,
				36686FFE2DBC1A71003F4D65 /* Services */,
				36686FFF2DBC1A77003F4D65 /* Helpers */,
				366870002DBC1A7D003F4D65 /* Resources */,
			);
			name = FitConnect;
			productName = FitConnect;
			productReference = 36686FCC2DBC1A0C003F4D65 /* FitConnect.app */;
			productType = "com.apple.product-type.application";
		};
		36686FDB2DBC1A0D003F4D65 /* FitConnectTests */ = {
			isa = PBXNativeTarget;
			buildConfigurationList = 36686FF32DBC1A0E003F4D65 /* Build configuration list for PBXNativeTarget "FitConnectTests" */;
			buildPhases = (
				36686FD82DBC1A0D003F4D65 /* Sources */,
				36686FD92DBC1A0D003F4D65 /* Frameworks */,
				36686FDA2DBC1A0D003F4D65 /* Resources */,
			);
			buildRules = (
			);
			dependencies = (
				36686FDE2DBC1A0D003F4D65 /* PBXTargetDependency */,
			);
			fileSystemSynchronizedGroups = (
				36686FDF2DBC1A0D003F4D65 /* FitConnectTests */,
			);
			name = FitConnectTests;
			productName = FitConnectTests;
			productReference = 36686FDC2DBC1A0D003F4D65 /* FitConnectTests.xctest */;
			productType = "com.apple.product-type.bundle.unit-test";
		};
		36686FE52DBC1A0E003F4D65 /* FitConnectUITests */ = {
			isa = PBXNativeTarget;
			buildConfigurationList = 36686FF62DBC1A0E003F4D65 /* Build configuration list for PBXNativeTarget "FitConnectUITests" */;
			buildPhases = (
				36686FE22DBC1A0E003F4D65 /* Sources */,
				36686FE32DBC1A0E003F4D65 /* Frameworks */,
				36686FE42DBC1A0E003F4D65 /* Resources */,
			);
			buildRules = (
			);
			dependencies = (
				36686FE82DBC1A0E003F4D65 /* PBXTargetDependency */,
			);
			fileSystemSynchronizedGroups = (
				36686FE92DBC1A0E003F4D65 /* FitConnectUITests */,
			);
			name = FitConnectUITests;
			productName = FitConnectUITests;
			productReference = 36686FE62DBC1A0E003F4D65 /* FitConnectUITests.xctest */;
			productType = "com.apple.product-type.bundle.ui-testing";
		};
/* End PBXNativeTarget section */

/* Begin PBXProject section */
		36686FC42DBC1A0C003F4D65 /* Project object */ = {
			isa = PBXProject;
			attributes = {
				BuildIndependentTargetsInParallel = 1;
				LastSwiftUpdateCheck = 1620;
				LastUpgradeCheck = 1620;
				TargetAttributes = {
					36686FCB2DBC1A0C003F4D65 = {
						CreatedOnToolsVersion = 16.2;
					};
					36686FDB2DBC1A0D003F4D65 = {
						CreatedOnToolsVersion = 16.2;
						TestTargetID = 36686FCB2DBC1A0C003F4D65;
					};
					36686FE52DBC1A0E003F4D65 = {
						CreatedOnToolsVersion = 16.2;
						TestTargetID = 36686FCB2DBC1A0C003F4D65;
					};
				};
			};
			buildConfigurationList = 36686FC72DBC1A0C003F4D65 /* Build configuration list for PBXProject "FitConnect" */;
			developmentRegion = en;
			hasScannedForEncodings = 0;
			knownRegions = (
				en,
				Base,
			);
			mainGroup = 36686FC32DBC1A0C003F4D65;
			minimizedProjectReferenceProxies = 1;
			packageReferences = (
				362A11A72DDF783400D6FED1 /* XCRemoteSwiftPackageReference "GoogleSignIn-iOS" */,
				36DD0FD32DDF7F1500788651 /* XCRemoteSwiftPackageReference "firebase-ios-sdk" */,
			);
			preferredProjectObjectVersion = 77;
			productRefGroup = 36686FCD2DBC1A0C003F4D65 /* Products */;
			projectDirPath = "";
			projectRoot = "";
			targets = (
				36686FCB2DBC1A0C003F4D65 /* FitConnect */,
				36686FDB2DBC1A0D003F4D65 /* FitConnectTests */,
				36686FE52DBC1A0E003F4D65 /* FitConnectUITests */,
			);
		};
/* End PBXProject section */

/* Begin PBXResourcesBuildPhase section */
		36686FCA2DBC1A0C003F4D65 /* Resources */ = {
			isa = PBXResourcesBuildPhase;
			buildActionMask = 2147483647;
			files = (
			);
			runOnlyForDeploymentPostprocessing = 0;
		};
		36686FDA2DBC1A0D003F4D65 /* Resources */ = {
			isa = PBXResourcesBuildPhase;
			buildActionMask = 2147483647;
			files = (
			);
			runOnlyForDeploymentPostprocessing = 0;
		};
		36686FE42DBC1A0E003F4D65 /* Resources */ = {
			isa = PBXResourcesBuildPhase;
			buildActionMask = 2147483647;
			files = (
			);
			runOnlyForDeploymentPostprocessing = 0;
		};
/* End PBXResourcesBuildPhase section */

/* Begin PBXSourcesBuildPhase section */
		36686FC82DBC1A0C003F4D65 /* Sources */ = {
			isa = PBXSourcesBuildPhase;
			buildActionMask = 2147483647;
			files = (
			);
			runOnlyForDeploymentPostprocessing = 0;
		};
		36686FD82DBC1A0D003F4D65 /* Sources */ = {
			isa = PBXSourcesBuildPhase;
			buildActionMask = 2147483647;
			files = (
			);
			runOnlyForDeploymentPostprocessing = 0;
		};
		36686FE22DBC1A0E003F4D65 /* Sources */ = {
			isa = PBXSourcesBuildPhase;
			buildActionMask = 2147483647;
			files = (
			);
			runOnlyForDeploymentPostprocessing = 0;
		};
/* End PBXSourcesBuildPhase section */

/* Begin PBXTargetDependency section */
		36686FDE2DBC1A0D003F4D65 /* PBXTargetDependency */ = {
			isa = PBXTargetDependency;
			target = 36686FCB2DBC1A0C003F4D65 /* FitConnect */;
			targetProxy = 36686FDD2DBC1A0D003F4D65 /* PBXContainerItemProxy */;
		};
		36686FE82DBC1A0E003F4D65 /* PBXTargetDependency */ = {
			isa = PBXTargetDependency;
			target = 36686FCB2DBC1A0C003F4D65 /* FitConnect */;
			targetProxy = 36686FE72DBC1A0E003F4D65 /* PBXContainerItemProxy */;
		};
/* End PBXTargetDependency section */

/* Begin XCBuildConfiguration section */
		36686FEE2DBC1A0E003F4D65 /* Debug */ = {
			isa = XCBuildConfiguration;
			buildSettings = {
				ALWAYS_SEARCH_USER_PATHS = NO;
				ASSETCATALOG_COMPILER_GENERATE_SWIFT_ASSET_SYMBOL_EXTENSIONS = YES;
				CLANG_ANALYZER_NONNULL = YES;
				CLANG_ANALYZER_NUMBER_OBJECT_CONVERSION = YES_AGGRESSIVE;
				CLANG_CXX_LANGUAGE_STANDARD = "gnu++20";
				CLANG_ENABLE_MODULES = YES;
				CLANG_ENABLE_OBJC_ARC = YES;
				CLANG_ENABLE_OBJC_WEAK = YES;
				CLANG_WARN_BLOCK_CAPTURE_AUTORELEASING = YES;
				CLANG_WARN_BOOL_CONVERSION = YES;
				CLANG_WARN_COMMA = YES;
				CLANG_WARN_CONSTANT_CONVERSION = YES;
				CLANG_WARN_DEPRECATED_OBJC_IMPLEMENTATIONS = YES;
				CLANG_WARN_DIRECT_OBJC_ISA_USAGE = YES_ERROR;
				CLANG_WARN_DOCUMENTATION_COMMENTS = YES;
				CLANG_WARN_EMPTY_BODY = YES;
				CLANG_WARN_ENUM_CONVERSION = YES;
				CLANG_WARN_INFINITE_RECURSION = YES;
				CLANG_WARN_INT_CONVERSION = YES;
				CLANG_WARN_NON_LITERAL_NULL_CONVERSION = YES;
				CLANG_WARN_OBJC_IMPLICIT_RETAIN_SELF = YES;
				CLANG_WARN_OBJC_LITERAL_CONVERSION = YES;
				CLANG_WARN_OBJC_ROOT_CLASS = YES_ERROR;
				CLANG_WARN_QUOTED_INCLUDE_IN_FRAMEWORK_HEADER = YES;
				CLANG_WARN_RANGE_LOOP_ANALYSIS = YES;
				CLANG_WARN_STRICT_PROTOTYPES = YES;
				CLANG_WARN_SUSPICIOUS_MOVE = YES;
				CLANG_WARN_UNGUARDED_AVAILABILITY = YES_AGGRESSIVE;
				CLANG_WARN_UNREACHABLE_CODE = YES;
				CLANG_WARN__DUPLICATE_METHOD_MATCH = YES;
				COPY_PHASE_STRIP = NO;
				DEBUG_INFORMATION_FORMAT = dwarf;
				ENABLE_STRICT_OBJC_MSGSEND = YES;
				ENABLE_TESTABILITY = YES;
				ENABLE_USER_SCRIPT_SANDBOXING = YES;
				GCC_C_LANGUAGE_STANDARD = gnu17;
				GCC_DYNAMIC_NO_PIC = NO;
				GCC_NO_COMMON_BLOCKS = YES;
				GCC_OPTIMIZATION_LEVEL = 0;
				GCC_PREPROCESSOR_DEFINITIONS = (
					"DEBUG=1",
					"$(inherited)",
				);
				GCC_WARN_64_TO_32_BIT_CONVERSION = YES;
				GCC_WARN_ABOUT_RETURN_TYPE = YES_ERROR;
				GCC_WARN_UNDECLARED_SELECTOR = YES;
				GCC_WARN_UNINITIALIZED_AUTOS = YES_AGGRESSIVE;
				GCC_WARN_UNUSED_FUNCTION = YES;
				GCC_WARN_UNUSED_VARIABLE = YES;
				IPHONEOS_DEPLOYMENT_TARGET = 18.2;
				LOCALIZATION_PREFERS_STRING_CATALOGS = YES;
				MTL_ENABLE_DEBUG_INFO = INCLUDE_SOURCE;
				MTL_FAST_MATH = YES;
				ONLY_ACTIVE_ARCH = YES;
				SDKROOT = iphoneos;
				SWIFT_ACTIVE_COMPILATION_CONDITIONS = "DEBUG $(inherited)";
				SWIFT_OPTIMIZATION_LEVEL = "-Onone";
			};
			name = Debug;
		};
		36686FEF2DBC1A0E003F4D65 /* Release */ = {
			isa = XCBuildConfiguration;
			buildSettings = {
				ALWAYS_SEARCH_USER_PATHS = NO;
				ASSETCATALOG_COMPILER_GENERATE_SWIFT_ASSET_SYMBOL_EXTENSIONS = YES;
				CLANG_ANALYZER_NONNULL = YES;
				CLANG_ANALYZER_NUMBER_OBJECT_CONVERSION = YES_AGGRESSIVE;
				CLANG_CXX_LANGUAGE_STANDARD = "gnu++20";
				CLANG_ENABLE_MODULES = YES;
				CLANG_ENABLE_OBJC_ARC = YES;
				CLANG_ENABLE_OBJC_WEAK = YES;
				CLANG_WARN_BLOCK_CAPTURE_AUTORELEASING = YES;
				CLANG_WARN_BOOL_CONVERSION = YES;
				CLANG_WARN_COMMA = YES;
				CLANG_WARN_CONSTANT_CONVERSION = YES;
				CLANG_WARN_DEPRECATED_OBJC_IMPLEMENTATIONS = YES;
				CLANG_WARN_DIRECT_OBJC_ISA_USAGE = YES_ERROR;
				CLANG_WARN_DOCUMENTATION_COMMENTS = YES;
				CLANG_WARN_EMPTY_BODY = YES;
				CLANG_WARN_ENUM_CONVERSION = YES;
				CLANG_WARN_INFINITE_RECURSION = YES;
				CLANG_WARN_INT_CONVERSION = YES;
				CLANG_WARN_NON_LITERAL_NULL_CONVERSION = YES;
				CLANG_WARN_OBJC_IMPLICIT_RETAIN_SELF = YES;
				CLANG_WARN_OBJC_LITERAL_CONVERSION = YES;
				CLANG_WARN_OBJC_ROOT_CLASS = YES_ERROR;
				CLANG_WARN_QUOTED_INCLUDE_IN_FRAMEWORK_HEADER = YES;
				CLANG_WARN_RANGE_LOOP_ANALYSIS = YES;
				CLANG_WARN_STRICT_PROTOTYPES = YES;
				CLANG_WARN_SUSPICIOUS_MOVE = YES;
				CLANG_WARN_UNGUARDED_AVAILABILITY = YES_AGGRESSIVE;
				CLANG_WARN_UNREACHABLE_CODE = YES;
				CLANG_WARN__DUPLICATE_METHOD_MATCH = YES;
				COPY_PHASE_STRIP = NO;
				DEBUG_INFORMATION_FORMAT = "dwarf-with-dsym";
				ENABLE_NS_ASSERTIONS = NO;
				ENABLE_STRICT_OBJC_MSGSEND = YES;
				ENABLE_USER_SCRIPT_SANDBOXING = YES;
				GCC_C_LANGUAGE_STANDARD = gnu17;
				GCC_NO_COMMON_BLOCKS = YES;
				GCC_WARN_64_TO_32_BIT_CONVERSION = YES;
				GCC_WARN_ABOUT_RETURN_TYPE = YES_ERROR;
				GCC_WARN_UNDECLARED_SELECTOR = YES;
				GCC_WARN_UNINITIALIZED_AUTOS = YES_AGGRESSIVE;
				GCC_WARN_UNUSED_FUNCTION = YES;
				GCC_WARN_UNUSED_VARIABLE = YES;
				IPHONEOS_DEPLOYMENT_TARGET = 18.2;
				LOCALIZATION_PREFERS_STRING_CATALOGS = YES;
				MTL_ENABLE_DEBUG_INFO = NO;
				MTL_FAST_MATH = YES;
				SDKROOT = iphoneos;
				SWIFT_COMPILATION_MODE = wholemodule;
				VALIDATE_PRODUCT = YES;
			};
			name = Release;
		};
		36686FF12DBC1A0E003F4D65 /* Debug */ = {
			isa = XCBuildConfiguration;
			buildSettings = {
				ASSETCATALOG_COMPILER_APPICON_NAME = AppIcon;
				ASSETCATALOG_COMPILER_GLOBAL_ACCENT_COLOR_NAME = AccentColor;
				ASSETCATALOG_COMPILER_INCLUDE_ALL_APPICON_ASSETS = NO;
				CODE_SIGN_STYLE = Automatic;
				CURRENT_PROJECT_VERSION = 1;
				DEVELOPMENT_TEAM = 54C4C3P3UP;
				ENABLE_PREVIEWS = YES;
				FRAMEWORK_SEARCH_PATHS = "$(inherited)";
				GENERATE_INFOPLIST_FILE = YES;
				"INFOPLIST_FILE[sdk=*]" = Resources/Info.plist;
				INFOPLIST_KEY_UIApplicationSceneManifest_Generation = YES;
				INFOPLIST_KEY_UIApplicationSupportsIndirectInputEvents = YES;
				INFOPLIST_KEY_UILaunchScreen_Generation = YES;
				INFOPLIST_KEY_UISupportedInterfaceOrientations_iPad = "UIInterfaceOrientationPortrait UIInterfaceOrientationPortraitUpsideDown UIInterfaceOrientationLandscapeLeft UIInterfaceOrientationLandscapeRight";
				INFOPLIST_KEY_UISupportedInterfaceOrientations_iPhone = "UIInterfaceOrientationPortrait UIInterfaceOrientationLandscapeLeft UIInterfaceOrientationLandscapeRight";
				IPHONEOS_DEPLOYMENT_TARGET = 13.0;
				LD_RUNPATH_SEARCH_PATHS = (
					"$(inherited)",
					"@executable_path/Frameworks",
				);
				MARKETING_VERSION = 1.0;
				PRODUCT_BUNDLE_IDENTIFIER = co.canacar.FitConnect;
				PRODUCT_NAME = "$(TARGET_NAME)";
				SWIFT_EMIT_LOC_STRINGS = YES;
				SWIFT_VERSION = 5.0;
				TARGETED_DEVICE_FAMILY = "1,2";
			};
			name = Debug;
		};
		36686FF22DBC1A0E003F4D65 /* Release */ = {
			isa = XCBuildConfiguration;
			buildSettings = {
				ASSETCATALOG_COMPILER_APPICON_NAME = AppIcon;
				ASSETCATALOG_COMPILER_GLOBAL_ACCENT_COLOR_NAME = AccentColor;
				ASSETCATALOG_COMPILER_INCLUDE_ALL_APPICON_ASSETS = NO;
				CODE_SIGN_STYLE = Automatic;
				CURRENT_PROJECT_VERSION = 1;
				DEVELOPMENT_TEAM = 54C4C3P3UP;
				ENABLE_PREVIEWS = YES;
				FRAMEWORK_SEARCH_PATHS = "$(inherited)";
				GENERATE_INFOPLIST_FILE = YES;
				"INFOPLIST_FILE[sdk=*]" = Resources/Info.plist;
				INFOPLIST_KEY_UIApplicationSceneManifest_Generation = YES;
				INFOPLIST_KEY_UIApplicationSupportsIndirectInputEvents = YES;
				INFOPLIST_KEY_UILaunchScreen_Generation = YES;
				INFOPLIST_KEY_UISupportedInterfaceOrientations_iPad = "UIInterfaceOrientationPortrait UIInterfaceOrientationPortraitUpsideDown UIInterfaceOrientationLandscapeLeft UIInterfaceOrientationLandscapeRight";
				INFOPLIST_KEY_UISupportedInterfaceOrientations_iPhone = "UIInterfaceOrientationPortrait UIInterfaceOrientationLandscapeLeft UIInterfaceOrientationLandscapeRight";
				IPHONEOS_DEPLOYMENT_TARGET = 13.0;
				LD_RUNPATH_SEARCH_PATHS = (
					"$(inherited)",
					"@executable_path/Frameworks",
				);
				MARKETING_VERSION = 1.0;
				PRODUCT_BUNDLE_IDENTIFIER = co.canacar.FitConnect;
				PRODUCT_NAME = "$(TARGET_NAME)";
				SWIFT_EMIT_LOC_STRINGS = YES;
				SWIFT_VERSION = 5.0;
				TARGETED_DEVICE_FAMILY = "1,2";
			};
			name = Release;
		};
		36686FF42DBC1A0E003F4D65 /* Debug */ = {
			isa = XCBuildConfiguration;
			buildSettings = {
				BUNDLE_LOADER = "$(TEST_HOST)";
				CODE_SIGN_STYLE = Automatic;
				CURRENT_PROJECT_VERSION = 1;
				DEVELOPMENT_TEAM = 54C4C3P3UP;
				GENERATE_INFOPLIST_FILE = YES;
				IPHONEOS_DEPLOYMENT_TARGET = 18.2;
				MARKETING_VERSION = 1.0;
				PRODUCT_BUNDLE_IDENTIFIER = co.canacar.FitConnectTests;
				PRODUCT_NAME = "$(TARGET_NAME)";
				SWIFT_EMIT_LOC_STRINGS = NO;
				SWIFT_VERSION = 5.0;
				TARGETED_DEVICE_FAMILY = "1,2";
				TEST_HOST = "$(BUILT_PRODUCTS_DIR)/FitConnect.app/$(BUNDLE_EXECUTABLE_FOLDER_PATH)/FitConnect";
			};
			name = Debug;
		};
		36686FF52DBC1A0E003F4D65 /* Release */ = {
			isa = XCBuildConfiguration;
			buildSettings = {
				BUNDLE_LOADER = "$(TEST_HOST)";
				CODE_SIGN_STYLE = Automatic;
				CURRENT_PROJECT_VERSION = 1;
				DEVELOPMENT_TEAM = 54C4C3P3UP;
				GENERATE_INFOPLIST_FILE = YES;
				IPHONEOS_DEPLOYMENT_TARGET = 18.2;
				MARKETING_VERSION = 1.0;
				PRODUCT_BUNDLE_IDENTIFIER = co.canacar.FitConnectTests;
				PRODUCT_NAME = "$(TARGET_NAME)";
				SWIFT_EMIT_LOC_STRINGS = NO;
				SWIFT_VERSION = 5.0;
				TARGETED_DEVICE_FAMILY = "1,2";
				TEST_HOST = "$(BUILT_PRODUCTS_DIR)/FitConnect.app/$(BUNDLE_EXECUTABLE_FOLDER_PATH)/FitConnect";
			};
			name = Release;
		};
		36686FF72DBC1A0E003F4D65 /* Debug */ = {
			isa = XCBuildConfiguration;
			buildSettings = {
				CODE_SIGN_STYLE = Automatic;
				CURRENT_PROJECT_VERSION = 1;
				DEVELOPMENT_TEAM = 54C4C3P3UP;
				GENERATE_INFOPLIST_FILE = YES;
				MARKETING_VERSION = 1.0;
				PRODUCT_BUNDLE_IDENTIFIER = co.canacar.FitConnectUITests;
				PRODUCT_NAME = "$(TARGET_NAME)";
				SWIFT_EMIT_LOC_STRINGS = NO;
				SWIFT_VERSION = 5.0;
				TARGETED_DEVICE_FAMILY = "1,2";
				TEST_TARGET_NAME = FitConnect;
			};
			name = Debug;
		};
		36686FF82DBC1A0E003F4D65 /* Release */ = {
			isa = XCBuildConfiguration;
			buildSettings = {
				CODE_SIGN_STYLE = Automatic;
				CURRENT_PROJECT_VERSION = 1;
				DEVELOPMENT_TEAM = 54C4C3P3UP;
				GENERATE_INFOPLIST_FILE = YES;
				MARKETING_VERSION = 1.0;
				PRODUCT_BUNDLE_IDENTIFIER = co.canacar.FitConnectUITests;
				PRODUCT_NAME = "$(TARGET_NAME)";
				SWIFT_EMIT_LOC_STRINGS = NO;
				SWIFT_VERSION = 5.0;
				TARGETED_DEVICE_FAMILY = "1,2";
				TEST_TARGET_NAME = FitConnect;
			};
			name = Release;
		};
/* End XCBuildConfiguration section */

/* Begin XCConfigurationList section */
		36686FC72DBC1A0C003F4D65 /* Build configuration list for PBXProject "FitConnect" */ = {
			isa = XCConfigurationList;
			buildConfigurations = (
				36686FEE2DBC1A0E003F4D65 /* Debug */,
				36686FEF2DBC1A0E003F4D65 /* Release */,
			);
			defaultConfigurationIsVisible = 0;
			defaultConfigurationName = Release;
		};
		36686FF02DBC1A0E003F4D65 /* Build configuration list for PBXNativeTarget "FitConnect" */ = {
			isa = XCConfigurationList;
			buildConfigurations = (
				36686FF12DBC1A0E003F4D65 /* Debug */,
				36686FF22DBC1A0E003F4D65 /* Release */,
			);
			defaultConfigurationIsVisible = 0;
			defaultConfigurationName = Release;
		};
		36686FF32DBC1A0E003F4D65 /* Build configuration list for PBXNativeTarget "FitConnectTests" */ = {
			isa = XCConfigurationList;
			buildConfigurations = (
				36686FF42DBC1A0E003F4D65 /* Debug */,
				36686FF52DBC1A0E003F4D65 /* Release */,
			);
			defaultConfigurationIsVisible = 0;
			defaultConfigurationName = Release;
		};
		36686FF62DBC1A0E003F4D65 /* Build configuration list for PBXNativeTarget "FitConnectUITests" */ = {
			isa = XCConfigurationList;
			buildConfigurations = (
				36686FF72DBC1A0E003F4D65 /* Debug */,
				36686FF82DBC1A0E003F4D65 /* Release */,
			);
			defaultConfigurationIsVisible = 0;
			defaultConfigurationName = Release;
		};
/* End XCConfigurationList section */

/* Begin XCRemoteSwiftPackageReference section */
		362A11742DDF775300D6FED1 /* XCRemoteSwiftPackageReference "firebase-ios-sdk" */ = {
			isa = XCRemoteSwiftPackageReference;
			repositoryURL = "https://github.com/firebase/firebase-ios-sdk.git";
			requirement = {
				kind = upToNextMajorVersion;
				minimumVersion = 11.13.0;
			};
		};
		362A11A72DDF783400D6FED1 /* XCRemoteSwiftPackageReference "GoogleSignIn-iOS" */ = {
			isa = XCRemoteSwiftPackageReference;
			repositoryURL = "https://github.com/google/GoogleSignIn-iOS.git";
			requirement = {
				kind = upToNextMajorVersion;
				minimumVersion = 8.0.0;
			};
		};
		36CC01842DD4916200118946 /* XCRemoteSwiftPackageReference "firebase-ios-sdk" */ = {
			isa = XCRemoteSwiftPackageReference;
			repositoryURL = "https://github.com/firebase/firebase-ios-sdk";
			requirement = {
				kind = upToNextMinorVersion;
				minimumVersion = 11.12.0;
			};
		};
		36DD0FD32DDF7F1500788651 /* XCRemoteSwiftPackageReference "firebase-ios-sdk" */ = {
			isa = XCRemoteSwiftPackageReference;
			repositoryURL = "https://github.com/firebase/firebase-ios-sdk.git";
			requirement = {
				kind = upToNextMajorVersion;
				minimumVersion = 11.13.0;
			};
		};
/* End XCRemoteSwiftPackageReference section */

/* Begin XCSwiftPackageProductDependency section */
		362A11752DDF775300D6FED1 /* FirebaseAI */ = {
			isa = XCSwiftPackageProductDependency;
			package = 362A11742DDF775300D6FED1 /* XCRemoteSwiftPackageReference "firebase-ios-sdk" */;
			productName = FirebaseAI;
		};
		362A11772DDF775300D6FED1 /* FirebaseAnalytics */ = {
			isa = XCSwiftPackageProductDependency;
			package = 362A11742DDF775300D6FED1 /* XCRemoteSwiftPackageReference "firebase-ios-sdk" */;
			productName = FirebaseAnalytics;
		};
		362A11792DDF775300D6FED1 /* FirebaseAnalyticsOnDeviceConversion */ = {
			isa = XCSwiftPackageProductDependency;
			package = 362A11742DDF775300D6FED1 /* XCRemoteSwiftPackageReference "firebase-ios-sdk" */;
			productName = FirebaseAnalyticsOnDeviceConversion;
		};
		362A117B2DDF775300D6FED1 /* FirebaseAnalyticsWithoutAdIdSupport */ = {
			isa = XCSwiftPackageProductDependency;
			package = 362A11742DDF775300D6FED1 /* XCRemoteSwiftPackageReference "firebase-ios-sdk" */;
			productName = FirebaseAnalyticsWithoutAdIdSupport;
		};
		362A117D2DDF775300D6FED1 /* FirebaseAppCheck */ = {
			isa = XCSwiftPackageProductDependency;
			package = 362A11742DDF775300D6FED1 /* XCRemoteSwiftPackageReference "firebase-ios-sdk" */;
			productName = FirebaseAppCheck;
		};
		362A117F2DDF775300D6FED1 /* FirebaseAppDistribution-Beta */ = {
			isa = XCSwiftPackageProductDependency;
			package = 362A11742DDF775300D6FED1 /* XCRemoteSwiftPackageReference "firebase-ios-sdk" */;
			productName = "FirebaseAppDistribution-Beta";
		};
		362A11812DDF775300D6FED1 /* FirebaseAuth */ = {
			isa = XCSwiftPackageProductDependency;
			package = 362A11742DDF775300D6FED1 /* XCRemoteSwiftPackageReference "firebase-ios-sdk" */;
			productName = FirebaseAuth;
		};
		362A11832DDF775300D6FED1 /* FirebaseAuthCombine-Community */ = {
			isa = XCSwiftPackageProductDependency;
			package = 362A11742DDF775300D6FED1 /* XCRemoteSwiftPackageReference "firebase-ios-sdk" */;
			productName = "FirebaseAuthCombine-Community";
		};
		362A11852DDF775300D6FED1 /* FirebaseCore */ = {
			isa = XCSwiftPackageProductDependency;
			package = 362A11742DDF775300D6FED1 /* XCRemoteSwiftPackageReference "firebase-ios-sdk" */;
			productName = FirebaseCore;
		};
		362A11872DDF775300D6FED1 /* FirebaseCrashlytics */ = {
			isa = XCSwiftPackageProductDependency;
			package = 362A11742DDF775300D6FED1 /* XCRemoteSwiftPackageReference "firebase-ios-sdk" */;
			productName = FirebaseCrashlytics;
		};
		362A11892DDF775300D6FED1 /* FirebaseDatabase */ = {
			isa = XCSwiftPackageProductDependency;
			package = 362A11742DDF775300D6FED1 /* XCRemoteSwiftPackageReference "firebase-ios-sdk" */;
			productName = FirebaseDatabase;
		};
		362A118B2DDF775300D6FED1 /* FirebaseDynamicLinks */ = {
			isa = XCSwiftPackageProductDependency;
			package = 362A11742DDF775300D6FED1 /* XCRemoteSwiftPackageReference "firebase-ios-sdk" */;
			productName = FirebaseDynamicLinks;
		};
		362A118D2DDF775300D6FED1 /* FirebaseFirestore */ = {
			isa = XCSwiftPackageProductDependency;
			package = 362A11742DDF775300D6FED1 /* XCRemoteSwiftPackageReference "firebase-ios-sdk" */;
			productName = FirebaseFirestore;
		};
		362A118F2DDF775300D6FED1 /* FirebaseFirestoreCombine-Community */ = {
			isa = XCSwiftPackageProductDependency;
			package = 362A11742DDF775300D6FED1 /* XCRemoteSwiftPackageReference "firebase-ios-sdk" */;
			productName = "FirebaseFirestoreCombine-Community";
		};
		362A11912DDF775300D6FED1 /* FirebaseFunctions */ = {
			isa = XCSwiftPackageProductDependency;
			package = 362A11742DDF775300D6FED1 /* XCRemoteSwiftPackageReference "firebase-ios-sdk" */;
			productName = FirebaseFunctions;
		};
		362A11932DDF775300D6FED1 /* FirebaseFunctionsCombine-Community */ = {
			isa = XCSwiftPackageProductDependency;
			package = 362A11742DDF775300D6FED1 /* XCRemoteSwiftPackageReference "firebase-ios-sdk" */;
			productName = "FirebaseFunctionsCombine-Community";
		};
		362A11952DDF775300D6FED1 /* FirebaseInAppMessaging-Beta */ = {
			isa = XCSwiftPackageProductDependency;
			package = 362A11742DDF775300D6FED1 /* XCRemoteSwiftPackageReference "firebase-ios-sdk" */;
			productName = "FirebaseInAppMessaging-Beta";
		};
		362A11972DDF775300D6FED1 /* FirebaseInstallations */ = {
			isa = XCSwiftPackageProductDependency;
			package = 362A11742DDF775300D6FED1 /* XCRemoteSwiftPackageReference "firebase-ios-sdk" */;
			productName = FirebaseInstallations;
		};
		362A11992DDF775300D6FED1 /* FirebaseMLModelDownloader */ = {
			isa = XCSwiftPackageProductDependency;
			package = 362A11742DDF775300D6FED1 /* XCRemoteSwiftPackageReference "firebase-ios-sdk" */;
			productName = FirebaseMLModelDownloader;
		};
		362A119B2DDF775300D6FED1 /* FirebaseMessaging */ = {
			isa = XCSwiftPackageProductDependency;
			package = 362A11742DDF775300D6FED1 /* XCRemoteSwiftPackageReference "firebase-ios-sdk" */;
			productName = FirebaseMessaging;
		};
		362A119D2DDF775300D6FED1 /* FirebasePerformance */ = {
			isa = XCSwiftPackageProductDependency;
			package = 362A11742DDF775300D6FED1 /* XCRemoteSwiftPackageReference "firebase-ios-sdk" */;
			productName = FirebasePerformance;
		};
		362A119F2DDF775300D6FED1 /* FirebaseRemoteConfig */ = {
			isa = XCSwiftPackageProductDependency;
			package = 362A11742DDF775300D6FED1 /* XCRemoteSwiftPackageReference "firebase-ios-sdk" */;
			productName = FirebaseRemoteConfig;
		};
		362A11A12DDF775300D6FED1 /* FirebaseStorage */ = {
			isa = XCSwiftPackageProductDependency;
			package = 362A11742DDF775300D6FED1 /* XCRemoteSwiftPackageReference "firebase-ios-sdk" */;
			productName = FirebaseStorage;
		};
		362A11A32DDF775300D6FED1 /* FirebaseStorageCombine-Community */ = {
			isa = XCSwiftPackageProductDependency;
			package = 362A11742DDF775300D6FED1 /* XCRemoteSwiftPackageReference "firebase-ios-sdk" */;
			productName = "FirebaseStorageCombine-Community";
		};
		362A11A52DDF775300D6FED1 /* FirebaseVertexAI */ = {
			isa = XCSwiftPackageProductDependency;
			package = 362A11742DDF775300D6FED1 /* XCRemoteSwiftPackageReference "firebase-ios-sdk" */;
			productName = FirebaseVertexAI;
		};
		362A11A82DDF783400D6FED1 /* GoogleSignIn */ = {
			isa = XCSwiftPackageProductDependency;
			package = 362A11A72DDF783400D6FED1 /* XCRemoteSwiftPackageReference "GoogleSignIn-iOS" */;
			productName = GoogleSignIn;
		};
		362A11AA2DDF783400D6FED1 /* GoogleSignInSwift */ = {
			isa = XCSwiftPackageProductDependency;
			package = 362A11A72DDF783400D6FED1 /* XCRemoteSwiftPackageReference "GoogleSignIn-iOS" */;
			productName = GoogleSignInSwift;
		};
		36A84BDE2DDF6B7400AC4B62 /* FirebaseAnalytics */ = {
			isa = XCSwiftPackageProductDependency;
			package = 36CC01842DD4916200118946 /* XCRemoteSwiftPackageReference "firebase-ios-sdk" */;
			productName = FirebaseAnalytics;
		};
		36A84BE02DDF6B7400AC4B62 /* FirebaseAnalyticsOnDeviceConversion */ = {
			isa = XCSwiftPackageProductDependency;
			package = 36CC01842DD4916200118946 /* XCRemoteSwiftPackageReference "firebase-ios-sdk" */;
			productName = FirebaseAnalyticsOnDeviceConversion;
		};
		36A84BE22DDF6B7400AC4B62 /* FirebaseAnalyticsWithoutAdIdSupport */ = {
			isa = XCSwiftPackageProductDependency;
			package = 36CC01842DD4916200118946 /* XCRemoteSwiftPackageReference "firebase-ios-sdk" */;
			productName = FirebaseAnalyticsWithoutAdIdSupport;
		};
		36A84BE42DDF6B7400AC4B62 /* FirebaseAppCheck */ = {
			isa = XCSwiftPackageProductDependency;
			package = 36CC01842DD4916200118946 /* XCRemoteSwiftPackageReference "firebase-ios-sdk" */;
			productName = FirebaseAppCheck;
		};
		36A84BE62DDF6B7400AC4B62 /* FirebaseAppDistribution-Beta */ = {
			isa = XCSwiftPackageProductDependency;
			package = 36CC01842DD4916200118946 /* XCRemoteSwiftPackageReference "firebase-ios-sdk" */;
			productName = "FirebaseAppDistribution-Beta";
		};
		36A84BE82DDF6B7400AC4B62 /* FirebaseAuth */ = {
			isa = XCSwiftPackageProductDependency;
			package = 36CC01842DD4916200118946 /* XCRemoteSwiftPackageReference "firebase-ios-sdk" */;
			productName = FirebaseAuth;
		};
		36A84BEA2DDF6B7400AC4B62 /* FirebaseAuthCombine-Community */ = {
			isa = XCSwiftPackageProductDependency;
			package = 36CC01842DD4916200118946 /* XCRemoteSwiftPackageReference "firebase-ios-sdk" */;
			productName = "FirebaseAuthCombine-Community";
		};
		36A84BEC2DDF6B7400AC4B62 /* FirebaseCore */ = {
			isa = XCSwiftPackageProductDependency;
			package = 36CC01842DD4916200118946 /* XCRemoteSwiftPackageReference "firebase-ios-sdk" */;
			productName = FirebaseCore;
		};
		36A84BEE2DDF6B7400AC4B62 /* FirebaseCrashlytics */ = {
			isa = XCSwiftPackageProductDependency;
			package = 36CC01842DD4916200118946 /* XCRemoteSwiftPackageReference "firebase-ios-sdk" */;
			productName = FirebaseCrashlytics;
		};
		36A84BF02DDF6B7400AC4B62 /* FirebaseDatabase */ = {
			isa = XCSwiftPackageProductDependency;
			package = 36CC01842DD4916200118946 /* XCRemoteSwiftPackageReference "firebase-ios-sdk" */;
			productName = FirebaseDatabase;
		};
		36A84BF22DDF6B7400AC4B62 /* FirebaseDynamicLinks */ = {
			isa = XCSwiftPackageProductDependency;
			package = 36CC01842DD4916200118946 /* XCRemoteSwiftPackageReference "firebase-ios-sdk" */;
			productName = FirebaseDynamicLinks;
		};
		36A84BF42DDF6B7400AC4B62 /* FirebaseFirestore */ = {
			isa = XCSwiftPackageProductDependency;
			package = 36CC01842DD4916200118946 /* XCRemoteSwiftPackageReference "firebase-ios-sdk" */;
			productName = FirebaseFirestore;
		};
		36A84BF62DDF6B7400AC4B62 /* FirebaseFirestoreCombine-Community */ = {
			isa = XCSwiftPackageProductDependency;
			package = 36CC01842DD4916200118946 /* XCRemoteSwiftPackageReference "firebase-ios-sdk" */;
			productName = "FirebaseFirestoreCombine-Community";
		};
		36A84BF82DDF6B7400AC4B62 /* FirebaseFunctions */ = {
			isa = XCSwiftPackageProductDependency;
			package = 36CC01842DD4916200118946 /* XCRemoteSwiftPackageReference "firebase-ios-sdk" */;
			productName = FirebaseFunctions;
		};
		36A84BFA2DDF6B7400AC4B62 /* FirebaseFunctionsCombine-Community */ = {
			isa = XCSwiftPackageProductDependency;
			package = 36CC01842DD4916200118946 /* XCRemoteSwiftPackageReference "firebase-ios-sdk" */;
			productName = "FirebaseFunctionsCombine-Community";
		};
		36A84BFC2DDF6B7400AC4B62 /* FirebaseInAppMessaging-Beta */ = {
			isa = XCSwiftPackageProductDependency;
			package = 36CC01842DD4916200118946 /* XCRemoteSwiftPackageReference "firebase-ios-sdk" */;
			productName = "FirebaseInAppMessaging-Beta";
		};
		36A84BFE2DDF6B7400AC4B62 /* FirebaseInstallations */ = {
			isa = XCSwiftPackageProductDependency;
			package = 36CC01842DD4916200118946 /* XCRemoteSwiftPackageReference "firebase-ios-sdk" */;
			productName = FirebaseInstallations;
		};
		36A84C002DDF6B7400AC4B62 /* FirebaseMLModelDownloader */ = {
			isa = XCSwiftPackageProductDependency;
			package = 36CC01842DD4916200118946 /* XCRemoteSwiftPackageReference "firebase-ios-sdk" */;
			productName = FirebaseMLModelDownloader;
		};
		36A84C022DDF6B7500AC4B62 /* FirebaseMessaging */ = {
			isa = XCSwiftPackageProductDependency;
			package = 36CC01842DD4916200118946 /* XCRemoteSwiftPackageReference "firebase-ios-sdk" */;
			productName = FirebaseMessaging;
		};
		36A84C042DDF6B7500AC4B62 /* FirebasePerformance */ = {
			isa = XCSwiftPackageProductDependency;
			package = 36CC01842DD4916200118946 /* XCRemoteSwiftPackageReference "firebase-ios-sdk" */;
			productName = FirebasePerformance;
		};
		36A84C062DDF6B7500AC4B62 /* FirebaseRemoteConfig */ = {
			isa = XCSwiftPackageProductDependency;
			package = 36CC01842DD4916200118946 /* XCRemoteSwiftPackageReference "firebase-ios-sdk" */;
			productName = FirebaseRemoteConfig;
		};
		36A84C082DDF6B7500AC4B62 /* FirebaseStorage */ = {
			isa = XCSwiftPackageProductDependency;
			package = 36CC01842DD4916200118946 /* XCRemoteSwiftPackageReference "firebase-ios-sdk" */;
			productName = FirebaseStorage;
		};
		36A84C0A2DDF6B7500AC4B62 /* FirebaseStorageCombine-Community */ = {
			isa = XCSwiftPackageProductDependency;
			package = 36CC01842DD4916200118946 /* XCRemoteSwiftPackageReference "firebase-ios-sdk" */;
			productName = "FirebaseStorageCombine-Community";
		};
		36A84C0C2DDF6B7500AC4B62 /* FirebaseVertexAI */ = {
			isa = XCSwiftPackageProductDependency;
			package = 36CC01842DD4916200118946 /* XCRemoteSwiftPackageReference "firebase-ios-sdk" */;
			productName = FirebaseVertexAI;
		};
		36DD0FD42DDF7F1500788651 /* FirebaseAI */ = {
			isa = XCSwiftPackageProductDependency;
			package = 36DD0FD32DDF7F1500788651 /* XCRemoteSwiftPackageReference "firebase-ios-sdk" */;
			productName = FirebaseAI;
		};
		36DD0FD62DDF7F1600788651 /* FirebaseAnalytics */ = {
			isa = XCSwiftPackageProductDependency;
			package = 36DD0FD32DDF7F1500788651 /* XCRemoteSwiftPackageReference "firebase-ios-sdk" */;
			productName = FirebaseAnalytics;
		};
		36DD0FD82DDF7F1600788651 /* FirebaseAnalyticsOnDeviceConversion */ = {
			isa = XCSwiftPackageProductDependency;
			package = 36DD0FD32DDF7F1500788651 /* XCRemoteSwiftPackageReference "firebase-ios-sdk" */;
			productName = FirebaseAnalyticsOnDeviceConversion;
		};
		36DD0FDA2DDF7F1600788651 /* FirebaseAnalyticsWithoutAdIdSupport */ = {
			isa = XCSwiftPackageProductDependency;
			package = 36DD0FD32DDF7F1500788651 /* XCRemoteSwiftPackageReference "firebase-ios-sdk" */;
			productName = FirebaseAnalyticsWithoutAdIdSupport;
		};
		36DD0FDC2DDF7F1600788651 /* FirebaseAppCheck */ = {
			isa = XCSwiftPackageProductDependency;
			package = 36DD0FD32DDF7F1500788651 /* XCRemoteSwiftPackageReference "firebase-ios-sdk" */;
			productName = FirebaseAppCheck;
		};
		36DD0FDE2DDF7F1600788651 /* FirebaseAppDistribution-Beta */ = {
			isa = XCSwiftPackageProductDependency;
			package = 36DD0FD32DDF7F1500788651 /* XCRemoteSwiftPackageReference "firebase-ios-sdk" */;
			productName = "FirebaseAppDistribution-Beta";
		};
		36DD0FE02DDF7F1600788651 /* FirebaseAuth */ = {
			isa = XCSwiftPackageProductDependency;
			package = 36DD0FD32DDF7F1500788651 /* XCRemoteSwiftPackageReference "firebase-ios-sdk" */;
			productName = FirebaseAuth;
		};
		36DD0FE22DDF7F1600788651 /* FirebaseAuthCombine-Community */ = {
			isa = XCSwiftPackageProductDependency;
			package = 36DD0FD32DDF7F1500788651 /* XCRemoteSwiftPackageReference "firebase-ios-sdk" */;
			productName = "FirebaseAuthCombine-Community";
		};
		36DD0FE42DDF7F1600788651 /* FirebaseCore */ = {
			isa = XCSwiftPackageProductDependency;
			package = 36DD0FD32DDF7F1500788651 /* XCRemoteSwiftPackageReference "firebase-ios-sdk" */;
			productName = FirebaseCore;
		};
		36DD0FE62DDF7F1600788651 /* FirebaseCrashlytics */ = {
			isa = XCSwiftPackageProductDependency;
			package = 36DD0FD32DDF7F1500788651 /* XCRemoteSwiftPackageReference "firebase-ios-sdk" */;
			productName = FirebaseCrashlytics;
		};
		36DD0FE82DDF7F1600788651 /* FirebaseDatabase */ = {
			isa = XCSwiftPackageProductDependency;
			package = 36DD0FD32DDF7F1500788651 /* XCRemoteSwiftPackageReference "firebase-ios-sdk" */;
			productName = FirebaseDatabase;
		};
		36DD0FEA2DDF7F1600788651 /* FirebaseDynamicLinks */ = {
			isa = XCSwiftPackageProductDependency;
			package = 36DD0FD32DDF7F1500788651 /* XCRemoteSwiftPackageReference "firebase-ios-sdk" */;
			productName = FirebaseDynamicLinks;
		};
		36DD0FEC2DDF7F1600788651 /* FirebaseFirestore */ = {
			isa = XCSwiftPackageProductDependency;
			package = 36DD0FD32DDF7F1500788651 /* XCRemoteSwiftPackageReference "firebase-ios-sdk" */;
			productName = FirebaseFirestore;
		};
		36DD0FEE2DDF7F1600788651 /* FirebaseFirestoreCombine-Community */ = {
			isa = XCSwiftPackageProductDependency;
			package = 36DD0FD32DDF7F1500788651 /* XCRemoteSwiftPackageReference "firebase-ios-sdk" */;
			productName = "FirebaseFirestoreCombine-Community";
		};
		36DD0FF02DDF7F1600788651 /* FirebaseFunctions */ = {
			isa = XCSwiftPackageProductDependency;
			package = 36DD0FD32DDF7F1500788651 /* XCRemoteSwiftPackageReference "firebase-ios-sdk" */;
			productName = FirebaseFunctions;
		};
		36DD0FF22DDF7F1600788651 /* FirebaseFunctionsCombine-Community */ = {
			isa = XCSwiftPackageProductDependency;
			package = 36DD0FD32DDF7F1500788651 /* XCRemoteSwiftPackageReference "firebase-ios-sdk" */;
			productName = "FirebaseFunctionsCombine-Community";
		};
		36DD0FF42DDF7F1600788651 /* FirebaseInAppMessaging-Beta */ = {
			isa = XCSwiftPackageProductDependency;
			package = 36DD0FD32DDF7F1500788651 /* XCRemoteSwiftPackageReference "firebase-ios-sdk" */;
			productName = "FirebaseInAppMessaging-Beta";
		};
		36DD0FF62DDF7F1600788651 /* FirebaseInstallations */ = {
			isa = XCSwiftPackageProductDependency;
			package = 36DD0FD32DDF7F1500788651 /* XCRemoteSwiftPackageReference "firebase-ios-sdk" */;
			productName = FirebaseInstallations;
		};
		36DD0FF82DDF7F1600788651 /* FirebaseMLModelDownloader */ = {
			isa = XCSwiftPackageProductDependency;
			package = 36DD0FD32DDF7F1500788651 /* XCRemoteSwiftPackageReference "firebase-ios-sdk" */;
			productName = FirebaseMLModelDownloader;
		};
		36DD0FFA2DDF7F1600788651 /* FirebaseMessaging */ = {
			isa = XCSwiftPackageProductDependency;
			package = 36DD0FD32DDF7F1500788651 /* XCRemoteSwiftPackageReference "firebase-ios-sdk" */;
			productName = FirebaseMessaging;
		};
		36DD0FFC2DDF7F1600788651 /* FirebasePerformance */ = {
			isa = XCSwiftPackageProductDependency;
			package = 36DD0FD32DDF7F1500788651 /* XCRemoteSwiftPackageReference "firebase-ios-sdk" */;
			productName = FirebasePerformance;
		};
		36DD0FFE2DDF7F1600788651 /* FirebaseRemoteConfig */ = {
			isa = XCSwiftPackageProductDependency;
			package = 36DD0FD32DDF7F1500788651 /* XCRemoteSwiftPackageReference "firebase-ios-sdk" */;
			productName = FirebaseRemoteConfig;
		};
		36DD10002DDF7F1600788651 /* FirebaseStorage */ = {
			isa = XCSwiftPackageProductDependency;
			package = 36DD0FD32DDF7F1500788651 /* XCRemoteSwiftPackageReference "firebase-ios-sdk" */;
			productName = FirebaseStorage;
		};
		36DD10022DDF7F1600788651 /* FirebaseStorageCombine-Community */ = {
			isa = XCSwiftPackageProductDependency;
			package = 36DD0FD32DDF7F1500788651 /* XCRemoteSwiftPackageReference "firebase-ios-sdk" */;
			productName = "FirebaseStorageCombine-Community";
		};
		36DD10042DDF7F1600788651 /* FirebaseVertexAI */ = {
			isa = XCSwiftPackageProductDependency;
			package = 36DD0FD32DDF7F1500788651 /* XCRemoteSwiftPackageReference "firebase-ios-sdk" */;
			productName = FirebaseVertexAI;
		};
/* End XCSwiftPackageProductDependency section */
	};
	rootObject = 36686FC42DBC1A0C003F4D65 /* Project object */;
}
